{
  "name": "perry-hotpath-m71b",
  "lockfileVersion": 3,
  "requires": true,
  "packages": {
    "": {
      "name": "perry-hotpath-m71b",
      "devDependencies": {
        "@perryts/perry": "0.5.1220",
        "@types/node": "24.3.0",
        "typescript": "5.9.3"
      }
    },
    "node_modules/@perryts/perry": {
      "version": "0.5.1220",
      "resolved": "https://registry.npmjs.org/@perryts/perry/-/perry-0.5.1220.tgz",
      "integrity": "sha512-hgeFCUE8usn/9vObDwlHkE+gRkZm3kjppz6KIefU/+dJ1523bYLI4hAsKk6lnZnaUc6iaiuK8yBF8wklqqVDwQ==",
      "dev": true,
      "license": "MIT",
      "bin": {
        "perry": "bin/perry.js"
      },
      "engines": {
        "node": ">=16"
      },
      "optionalDependencies": {
        "@perryts/perry-darwin-arm64": "0.5.1220",
        "@perryts/perry-darwin-x64": "0.5.1220",
        "@perryts/perry-linux-arm64": "0.5.1220",
        "@perryts/perry-linux-arm64-musl": "0.5.1220",
        "@perryts/perry-linux-x64": "0.5.1220",
        "@perryts/perry-linux-x64-musl": "0.5.1220",
        "@perryts/perry-win32-x64": "0.5.1220"
      }
    },
    "node_modules/@perryts/perry-darwin-arm64": {
      "version": "0.5.1220",
      "resolved": "https://registry.npmjs.org/@perryts/perry-darwin-arm64/-/perry-darwin-arm64-0.5.1220.tgz",
      "integrity": "sha512-5FLa1ciHZwLZVtoecQqhiJ6K7pGjzcBay9y5DiDuSX4+7R4EJDmx9oXKXDXKz1xv5q00seMcLAZkIMQj/hyquw==",
      "cpu": [
        "arm64"
      ],
      "dev": true,
      "license": "MIT",
      "optional": true,
      "os": [
        "darwin"
      ]
    },
    "node_modules/@perryts/perry-darwin-x64": {
      "version": "0.5.1220",
      "resolved": "https://registry.npmjs.org/@perryts/perry-darwin-x64/-/perry-darwin-x64-0.5.1220.tgz",
      "integrity": "sha512-ZVJPZT+NKLf5dWejqOVYoElJGOap0Ic9FEjy4qiTC2IMnZ+5xtxkRMinpEVv61TdAf1pRWAFYw5CzHI88WFvzQ==",
      "cpu": [
        "x64"
      ],
      "dev": true,
      "license": "MIT",
      "optional": true,
      "os": [
        "darwin"
      ]
    },
    "node_modules/@perryts/perry-linux-arm64": {
      "version": "0.5.1220",
      "resolved": "https://registry.npmjs.org/@perryts/perry-linux-arm64/-/perry-linux-arm64-0.5.1220.tgz",
      "integrity": "sha512-qJeup8XTMstoXWDrREZCmhQjqnwJlML3zmBZLhKp3nNRTzn3cEhQFUempEtL3++M2MQjP3CLmzgMh+ZHGZUO7Q==",
      "cpu": [
        "arm64"
      ],
      "dev": true,
      "libc": [
        "glibc"
      ],
      "license": "MIT",
      "optional": true,
      "os": [
        "linux"
      ]
    },
    "node_modules/@perryts/perry-linux-arm64-musl": {
      "version": "0.5.1220",
      "resolved": "https://registry.npmjs.org/@perryts/perry-linux-arm64-musl/-/perry-linux-arm64-musl-0.5.1220.tgz",
      "integrity": "sha512-rizM9uW3wyBQc1VS7rJaWO0XYeH1dSGI0NC9FBxv3/CT31nniyYQEShGhHKTd6gaisxJNSC/rwqhEqy5NQi3iw==",
      "cpu": [
        "arm64"
      ],
      "dev": true,
      "libc": [
        "musl"
      ],
      "license": "MIT",
      "optional": true,
      "os": [
        "linux"
      ]
    },
    "node_modules/@perryts/perry-linux-x64": {
      "version": "0.5.1220",
      "resolved": "https://registry.npmjs.org/@perryts/perry-linux-x64/-/perry-linux-x64-0.5.1220.tgz",
      "integrity": "sha512-N8QG2AboPzw3cBdv1pQdFGc75xTpAwUcWIgik4O6WlU3zMIrOHxIaqj8UWZ1XN8nAxCueBjvGGu8CPi856SvPQ==",
      "cpu": [
        "x64"
      ],
      "dev": true,
      "libc": [
        "glibc"
      ],
      "license": "MIT",
      "optional": true,
      "os": [
        "linux"
      ]
    },
    "node_modules/@perryts/perry-linux-x64-musl": {
      "version": "0.5.1220",
      "resolved": "https://registry.npmjs.org/@perryts/perry-linux-x64-musl/-/perry-linux-x64-musl-0.5.1220.tgz",
      "integrity": "sha512-OFJLceB+qNlzYTTHl5rK1PaDReNrwxtYJB+xDMf0RKq+MofecKpNjdICHQzKdtO47Guok2bTnTghOTdsHpdR7w==",
      "cpu": [
        "x64"
      ],
      "dev": true,
      "libc": [
        "musl"
      ],
      "license": "MIT",
      "optional": true,
      "os": [
        "linux"
      ]
    },
    "node_modules/@perryts/perry-win32-x64": {
      "version": "0.5.1220",
      "resolved": "https://registry.npmjs.org/@perryts/perry-win32-x64/-/perry-win32-x64-0.5.1220.tgz",
      "integrity": "sha512-p33zkG/s3fMfYgAgtfHTWfjTlmlxxaTYZ/Yhw6HzFtyPeBXxz4DtKdbmwNu95ZgFYVAIknF/Fd2Loym56FeXXg==",
      "cpu": [
        "x64"
      ],
      "dev": true,
      "license": "MIT",
      "optional": true,
      "os": [
        "win32"
      ]
    },
    "node_modules/@types/node": {
      "version": "24.3.0",
      "resolved": "https://registry.npmjs.org/@types/node/-/node-24.3.0.tgz",
      "integrity": "sha512-aPTXCrfwnDLj4VvXrm+UUCQjNEvJgNA8s5F1cvwQU+3KNltTOkBm1j30uNLyqqPNe7gE3KFzImYoZEfLhp4Yow==",
      "dev": true,
      "license": "MIT",
      "dependencies": {
        "undici-types": "~7.10.0"
      }
    },
    "node_modules/typescript": {
      "version": "5.9.3",
      "resolved": "https://registry.npmjs.org/typescript/-/typescript-5.9.3.tgz",
      "integrity": "sha512-jl1vZzPDinLr9eUt3J/t7V6FgNEw9QjvBPdysz9KfQDD41fQrC2Y4vKQdiaUpFT4bXlb1RHhLpp8wtm6M5TgSw==",
      "dev": true,
      "license": "Apache-2.0",
      "bin": {
        "tsc": "bin/tsc",
        "tsserver": "bin/tsserver"
      },
      "engines": {
        "node": ">=14.17"
      }
    },
    "node_modules/undici-types": {
      "version": "7.10.0",
      "resolved": "https://registry.npmjs.org/undici-types/-/undici-types-7.10.0.tgz",
      "integrity": "sha512-t5Fy/nfn+14LuOc2KNYg75vZqClpAiqscVvMygNnlsHBFpSXdJaYtXMcdNLpl/Qvc3P2cB3s6lOV51nqsFq4ag==",
      "dev": true,
      "license": "MIT"
    }
  }
}
