{
  "name": "fixture-app",
  "lockfileVersion": 3,
  "packages": {
    "": {
      "name": "fixture-app",
      "version": "1.0.0",
      "dependencies": {
        "direct-hook": "1.0.0",
        "parent": "1.0.0",
        "dev-hook": "1.0.0",
        "optional-hook": "1.0.0"
      }
    },
    "node_modules/dev-hook": {
      "version": "1.0.0",
      "dev": true
    },
    "node_modules/direct-hook": {
      "version": "1.0.0"
    },
    "node_modules/optional-hook": {
      "version": "1.0.0",
      "optional": true
    },
    "node_modules/parent": {
      "version": "1.0.0",
      "dependencies": {
        "transitive-hook": "1.0.0"
      }
    },
    "node_modules/transitive-hook": {
      "version": "1.0.0"
    }
  }
}
